{
  "name": "gatsby-starter-default",
  "version": "0.1.0",
  "lockfileVersion": 1,
  "requires": true,
  "dependencies": {
    "classnames": {
      "version": "2.2.6",
      "resolved": "https://registry.npmjs.org/classnames/-/classnames-2.2.6.tgz",
      "integrity": "sha512-JR/iSQOSt+LQIWwrwEzJ9uk0xfN3mTVYMwt1Ir5mUcSN6pU+V4zQFFaJsclJbPuAUQH+yfWef6tm7l1quW3C8Q=="
    },
    "gatsby": {
      "version": "2.13.73",
      "resolved": "https://registry.npmjs.org/gatsby/-/gatsby-2.13.73.tgz",
      "integrity": "sha512-5zehGv6BGwOGpa/cX+QST/IH1jN3ebygcXMvb26S0ZoJGxIZyTY9jwGVYQtraoGP7XdQaAh24DF7htuqpjcGhA==",
      "dependencies": {
        "ansi-regex": {
          "version": "4.1.0",
          "resolved": "https://registry.npmjs.org/ansi-regex/-/ansi-regex-4.1.0.tgz",
          "integrity": "sha512-1apePfXM1UOSqw0o9IiFAovVz9M5S1Dg+4TrDwfMewQ6p/rmMueb7tWZjQ1rx4Loy1ArBggoqGpfqqdI4rondg=="
        },
        "camelcase": {
          "version": "5.3.1",
          "resolved": "https://registry.npmjs.org/camelcase/-/camelcase-5.3.1.tgz",
          "integrity": "sha512-L28STB170nwWS63UjtlEOE3dldQApaJXZkOI1uMFfzf3rRuPegHaHesyee+YxQ+W6SvRDQV6UrdOdRiR153wJg=="
        },
        "cliui": {
          "version": "4.1.0",
          "resolved": "https://registry.npmjs.org/cliui/-/cliui-4.1.0.tgz",
          "integrity": "sha512-4FG+RSG9DL7uEwRUZXZn3SS34DiDPfzP0VOiEwtUWlE+AR2EIg+hSyvrIgUUfhdgR/UkAeW2QHgeP+hWrXs7jQ==",
          "dependencies": {
            "ansi-regex": {
              "version": "3.0.0",
              "resolved": "https://registry.npmjs.org/ansi-regex/-/ansi-regex-3.0.0.tgz",
              "integrity": "sha1-7QMXwyIGT3lGbAKWa922Bas32Zg="
            },
            "strip-ansi": {
              "version": "4.0.0",
              "resolved": "https://registry.npmjs.org/strip-ansi/-/strip-ansi-4.0.0.tgz",
              "integrity": "sha1-qEeQIusaw2iocTibY1JixQXuNo8="
            }
          }
        },
        "configstore": {
          "version": "4.0.0",
          "resolved": "https://registry.npmjs.org/configstore/-/configstore-4.0.0.tgz",
          "integrity": "sha512-CmquAXFBocrzaSM8mtGPMM/HiWmyIpr4CcJl/rgY2uCObZ/S7cKU0silxslqJejl+t/T9HS8E0PUNQD81JGUEQ=="
        },
        "execa": {
          "version": "0.8.0",
          "resolved": "https://registry.npmjs.org/execa/-/execa-0.8.0.tgz",
          "integrity": "sha1-2NdrvBtVIX7RkP1t1J08d07PyNo="
        },
        "find-up": {
          "version": "3.0.0",
          "resolved": "https://registry.npmjs.org/find-up/-/find-up-3.0.0.tgz",
          "integrity": "sha512-1yD6RmLI1XBfxugvORwlck6f75tYL+iR0jqwsOrOxMZyGYqUuDhJ0l4AXdO1iX/FTs9cBAMEk1gWSEx1kSbylg=="
        },
        "gatsby-cli": {
          "version": "2.7.34",
          "resolved": "https://registry.npmjs.org/gatsby-cli/-/gatsby-cli-2.7.34.tgz",
          "integrity": "sha512-kc7+ne7cGC74KOv7dBmLC19m2nwYBsLoPZdX3qj9YLDjWsXR/GGGGU48eyADYY1gVpJacaMqk0Lu3dNbsfZBwQ==",
          "dependencies": {
            "fs-extra": {
              "version": "4.0.3",
              "resolved": "https://registry.npmjs.org/fs-extra/-/fs-extra-4.0.3.tgz",
              "integrity": "sha512-q6rbdDd1o2mAnQreO7YADIxf/Whx4AHBiRf6d+/cVT8h44ss+lHgxf1FemcqDnQt9X3ct4McHr+JMGlYSsK7Cg=="
            },
            "semver": {
              "version": "6.3.0",
              "resolved": "https://registry.npmjs.org/semver/-/semver-6.3.0.tgz",
              "integrity": "sha512-b39TBaTSfV6yBrapU89p5fKekE2m/NwnDocOVruQFS1/veMgdzuPcnOM34M6CwxW8jH/lxEa5rBoDeUwu5HHTw=="
            },
            "uuid": {
              "version": "3.3.2",
              "resolved": "https://registry.npmjs.org/uuid/-/uuid-3.3.2.tgz",
              "integrity": "sha512-yXJmeNaw3DnnKAOKJE51sL/ZaYfWJRl1pK9dr19YFCu0ObS231AB1/LbqTKRAQ5kw8A90rA6fr4riOUpTZvQZA=="
            }
          }
        },
        "invert-kv": {
          "version": "2.0.0",
          "resolved": "https://registry.npmjs.org/invert-kv/-/invert-kv-2.0.0.tgz",
          "integrity": "sha512-wPVv/y/QQ/Uiirj/vh3oP+1Ww+AWehmi1g5fFWGPF6IpCBCDVrhgHRMvrLfdYcwDh3QJbGXDW4JAuzxElLSqKA=="
        },
        "lcid": {
          "version": "2.0.0",
          "resolved": "https://registry.npmjs.org/lcid/-/lcid-2.0.0.tgz",
          "integrity": "sha512-avPEb8P8EGnwXKClwsNUgryVjllcRqtMYa49NTsbQagYuT1DcXnl1915oxWjoyGrXR6zH/Y0Zc96xWsPcoDKeA=="
        },
        "locate-path": {
          "version": "3.0.0",
          "resolved": "https://registry.npmjs.org/locate-path/-/locate-path-3.0.0.tgz",
          "integrity": "sha512-7AO748wWnIhNqAuaty2ZWHkQHRSNfPVIsPIfwEOWO22AmaoVrWavlOcMR5nzTLNYvp36X220/maaRsrec1G65A=="
        },
        "make-dir": {
          "version": "1.3.0",
          "resolved": "https://registry.npmjs.org/make-dir/-/make-dir-1.3.0.tgz",
          "integrity": "sha512-2w31R7SJtieJJnQtGc7RVL2StM2vGYVfqUOvUDxH6bC6aJTxPxTF0GnIgCyu7tjockiUWAYQRbxa7vKn34s5sQ=="
        },
        "mem": {
          "version": "4.3.0",
          "resolved": "https://registry.npmjs.org/mem/-/mem-4.3.0.tgz",
          "integrity": "sha512-qX2bG48pTqYRVmDB37rn/6PT7LcR8T7oAX3bf99u1Tt1nzxYfxkgqDwUwolPlXweM0XzBOBFzSx4kfp7KP1s/w=="
        },
        "mimic-fn": {
          "version": "2.1.0",
          "resolved": "https://registry.npmjs.org/mimic-fn/-/mimic-fn-2.1.0.tgz",
          "integrity": "sha512-OqbOk5oEQeAZ8WXWydlu9HJjz9WVdEIvamMCcXmuqUYjTknH/sqsWvhQ3vgwKFRR1HpjvNBKQ37nbJgYzGqGcg=="
        },
        "node-fetch": {
          "version": "2.6.0",
          "resolved": "https://registry.npmjs.org/node-fetch/-/node-fetch-2.6.0.tgz",
          "integrity": "sha512-8dG4H5ujfvFiqDmVu9fQ5bOHUC15JMjMY/Zumv26oOvvVJjM67KF8koCWIabKQ1GJIa9r2mMZscBq/TbdOcmNA=="
        },
        "os-locale": {
          "version": "3.1.0",
          "resolved": "https://registry.npmjs.org/os-locale/-/os-locale-3.1.0.tgz",
          "integrity": "sha512-Z8l3R4wYWM40/52Z+S265okfFj8Kt2cC2MKY+xNi3kFs+XGI7WXu/I309QQQYbRW4ijiZ+yxs9pqEhJh0DqW3Q==",
          "dependencies": {
            "cross-spawn": {
              "version": "6.0.5",
              "resolved": "https://registry.npmjs.org/cross-spawn/-/cross-spawn-6.0.5.tgz",
              "integrity": "sha512-eTVLrBSt7fjbDygz805pMnstIs2VTBNkRm0qxZd+M7A5XDdxVRWO5MxGBXZhjY4cqLYLdtrGqRf8mBPmzwSpWQ=="
            },
            "execa": {
              "version": "1.0.0",
              "resolved": "https://registry.npmjs.org/execa/-/execa-1.0.0.tgz",
              "integrity": "sha512-adbxcyWV46qiHyvSp50TKt05tB4tK3HcmF7/nxfAdhnox83seTDbwnaqKO4sXRy7roHAIFqJP/Rw/AuEbX61LA=="
            },
            "get-stream": {
              "version": "4.1.0",
              "resolved": "https://registry.npmjs.org/get-stream/-/get-stream-4.1.0.tgz",
              "integrity": "sha512-GMat4EJ5161kIy2HevLlr4luNjBgvmj413KaQA7jt4V8B4RDsfpHk7WQ9GVqfYyyx8OS/L66Kox+rJRNklLK7w=="
            }
          }
        },
        "p-limit": {
          "version": "2.2.1",
          "resolved": "https://registry.npmjs.org/p-limit/-/p-limit-2.2.1.tgz",
          "integrity": "sha512-85Tk+90UCVWvbDavCLKPOLC9vvY8OwEX/RtKF+/1OADJMVlFfEHOiMTPVyxg7mk/dKa+ipdHm0OUkTvCpMTuwg=="
        },
        "p-locate": {
          "version": "3.0.0",
          "resolved": "https://registry.npmjs.org/p-locate/-/p-locate-3.0.0.tgz",
          "integrity": "sha512-x+12w/To+4GFfgJhBEpiDcLozRJGegY+Ei7/z0tSLkMmxGZNybVMSfWj9aJn8Z5Fc7dBUNJOOVgPv2H7IwulSQ=="
        },
        "p-try": {
          "version": "2.2.0",
          "resolved": "https://registry.npmjs.org/p-try/-/p-try-2.2.0.tgz",
          "integrity": "sha512-R4nPAVTAU0B9D35/Gk3uJf/7XYbQcyohSKdvAxIRSNghFl4e71hVoGnBNQz9cWaXxO2I10KTC+3jMdvvoKw6dQ=="
        },
        "pify": {
          "version": "3.0.0",
          "resolved": "https://registry.npmjs.org/pify/-/pify-3.0.0.tgz",
          "integrity": "sha1-5aSs0sEB/fPZpNB/DbxNtJ3SgXY="
        },
        "strip-ansi": {
          "version": "5.2.0",
          "resolved": "https://registry.npmjs.org/strip-ansi/-/strip-ansi-5.2.0.tgz",
          "integrity": "sha512-DuRs1gKbBqsMKIZlrffwlug8MHkcnpjs5VPmL1PAh+mA30U0DTotfDZ0d2UUsXpPmPmMMJ6W773MaA3J+lbiWA=="
        },
        "yargs": {
          "version": "12.0.5",
          "resolved": "https://registry.npmjs.org/yargs/-/yargs-12.0.5.tgz",
          "integrity": "sha512-Lhz8TLaYnxq/2ObqHDql8dX8CJi97oHxrjUcYtzKbbykPtVW9WB+poxI+NM2UIzsMgNCZTIf0AQwsjK5yMAqZw=="
        },
        "yargs-parser": {
          "version": "11.1.1",
          "resolved": "https://registry.npmjs.org/yargs-parser/-/yargs-parser-11.1.1.tgz",
          "integrity": "sha512-C6kB/WJDiaxONLJQnF8ccx9SEeoTTLek8RVbaOIsrAUS8VrBEXfmeSnCZxygc+XC2sNMBIwOOnfcxiynjHsVSQ=="
        }
      }
    },
    "gatsby-image": {
      "version": "2.2.10",
      "resolved": "https://registry.npmjs.org/gatsby-image/-/gatsby-image-2.2.10.tgz",
      "integrity": "sha512-wvbxqYWxg7te7ui6RjCgohcVTvcI1b0PBZNor548Flg/0h+oSGnUXVDkz9HO8uS/vWlIbMpXonRxvnZCGu1Y8A=="
    },
    "gatsby-plugin-google-fonts": {
      "version": "1.0.1",
      "resolved": "https://registry.npmjs.org/gatsby-plugin-google-fonts/-/gatsby-plugin-google-fonts-1.0.1.tgz",
      "integrity": "sha512-p1NVkn27GUnDA5qHM+Z4cCcLCJIardzZXMon3640sT4xuL/AZJbsx3HEt2KY/5oZu0UXIkytkxzV2Da4rQeUIg=="
    },
    "gatsby-plugin-manifest": {
      "version": "2.2.6",
      "resolved": "https://registry.npmjs.org/gatsby-plugin-manifest/-/gatsby-plugin-manifest-2.2.6.tgz",
      "integrity": "sha512-QjOKUOrtwbmiXBAcFi0uvzQEGJa5PELXriJjXNuDmn++72sCybgoluOrY4Ajed+WUf82865RIXq58isK3Dmmgw=="
    },
    "gatsby-plugin-offline": {
      "version": "2.2.7",
      "resolved": "https://registry.npmjs.org/gatsby-plugin-offline/-/gatsby-plugin-offline-2.2.7.tgz",
      "integrity": "sha512-AbX4kAEy8j+8P/kBITdzv/8JR1R+Lt5pAE49ICIzwb7tZDQB7fJisOSc1PGihhQTLuy+ppj9XJDgNhh205lETQ==",
      "dependencies": {
        "slash": {
          "version": "3.0.0",
          "resolved": "https://registry.npmjs.org/slash/-/slash-3.0.0.tgz",
          "integrity": "sha512-g9Q1haeby36OSStwb4ntCGGGaKsaVSjQ68fBxoQcutl5fS1vuY18H3wSt3jFyFtrkx+Kz0V1G85A4MyAdDMi2Q=="
        }
      }
    },
    "gatsby-plugin-react-helmet": {
      "version": "3.1.4",
      "resolved": "https://registry.npmjs.org/gatsby-plugin-react-helmet/-/gatsby-plugin-react-helmet-3.1.4.tgz",
      "integrity": "sha512-L+nP4cv6zdxjKXN9eJJdni7JpPCCSN1V+KWBgID0FELKawFGegkI6zdvKhtBZHz5F+WHh+ak/qfOAYIuLO0eHA=="
    },
    "gatsby-plugin-sass": {
      "version": "2.1.12",
      "resolved": "http://npm.ooapi.com:4873/gatsby-plugin-sass/-/gatsby-plugin-sass-2.1.12.tgz",
      "integrity": "sha512-GGkdviAbPMSIOC/3hfSu+1LW2F4V3JRmiPxlNvX6p27Sve77stGuYjI55zC4GSZZEDQW1pXb3rZ5DAnHf0tXhQ=="
    },
    "gatsby-plugin-sharp": {
      "version": "2.2.13",
      "resolved": "https://registry.npmjs.org/gatsby-plugin-sharp/-/gatsby-plugin-sharp-2.2.13.tgz",
      "integrity": "sha512-Wzvwty3ho0T3FSFLDHGAf5D87hvqTsRvphnSP38HGFw0tHAbNtbJSrqr/HA1P5x7Cah4j5duQg4TNH6qtlkAZg==",
      "dependencies": {
        "async": {
          "version": "2.6.3",
          "resolved": "https://registry.npmjs.org/async/-/async-2.6.3.tgz",
          "integrity": "sha512-zflvls11DCy+dQWzTW2dzuilv8Z5X/pjfmZOWba6TNIVDm+2UDaJmXSOXlasHKfNBs8oo3M0aT50fDEWfKZjXg=="
        },
        "fs-extra": {
          "version": "7.0.1",
          "resolved": "https://registry.npmjs.org/fs-extra/-/fs-extra-7.0.1.tgz",
          "integrity": "sha512-YJDaCJZEnBmcbw13fvdAM9AwNOJwOzrE4pqMqBq5nFiEqXUqHwlK4B+3pUw6JNvfSPtX05xFHtYy/1ni01eGCw=="
        },
        "got": {
          "version": "8.3.2",
          "resolved": "https://registry.npmjs.org/got/-/got-8.3.2.tgz",
          "integrity": "sha512-qjUJ5U/hawxosMryILofZCkm3C84PLJS/0grRIpjAwu+Lkxxj5cxeCU25BG0/3mDSpXKTyZr8oh8wIgLaH0QCw=="
        },
        "p-cancelable": {
          "version": "0.4.1",
          "resolved": "https://registry.npmjs.org/p-cancelable/-/p-cancelable-0.4.1.tgz",
          "integrity": "sha512-HNa1A8LvB1kie7cERyy21VNeHb2CWJJYqyyC2o3klWFfMGlFmWv2Z7sFgZH8ZiaYL95ydToKTFVXgMV/Os0bBQ=="
        },
        "p-timeout": {
          "version": "2.0.1",
          "resolved": "https://registry.npmjs.org/p-timeout/-/p-timeout-2.0.1.tgz",
          "integrity": "sha512-88em58dDVB/KzPEx1X0N3LwFfYZPyDc4B6eF38M1rk9VTZMbxXXgjugz8mmwpS9Ox4BDZ+t6t3QP5+/gazweIA=="
        },
        "pify": {
          "version": "3.0.0",
          "resolved": "https://registry.npmjs.org/pify/-/pify-3.0.0.tgz",
          "integrity": "sha1-5aSs0sEB/fPZpNB/DbxNtJ3SgXY="
        },
        "prepend-http": {
          "version": "2.0.0",
          "resolved": "https://registry.npmjs.org/prepend-http/-/prepend-http-2.0.0.tgz",
          "integrity": "sha1-6SQ0v6XqjBn0HN/UAddBo8gZ2Jc="
        },
        "url-parse-lax": {
          "version": "3.0.0",
          "resolved": "https://registry.npmjs.org/url-parse-lax/-/url-parse-lax-3.0.0.tgz",
          "integrity": "sha1-FrXK/Afb42dsGxmZF3gj1lA6yww="
        }
      }
    },
    "gatsby-source-filesystem": {
      "version": "2.1.11",
      "resolved": "https://registry.npmjs.org/gatsby-source-filesystem/-/gatsby-source-filesystem-2.1.11.tgz",
      "integrity": "sha512-oxh7c/B0NvuxQtI6HsBqXYguZ257TOE/tWjymEz3BBPf00AMfvWWzgnae+Zi9ZlJ8PapXuxaB4EvPj7fkD4SLA==",
      "dependencies": {
        "got": {
          "version": "7.1.0",
          "resolved": "https://registry.npmjs.org/got/-/got-7.1.0.tgz",
          "integrity": "sha512-Y5WMo7xKKq1muPsxD+KmrR8DH5auG7fBdDVueZwETwV6VytKyU9OX/ddpq2/1hp1vIPvVb4T81dKQz3BivkNLw=="
        },
        "xstate": {
          "version": "3.3.3",
          "resolved": "https://registry.npmjs.org/xstate/-/xstate-3.3.3.tgz",
          "integrity": "sha512-p0ZYDPWxZZZRAJyD3jaGO9/MYioHuxZp6sjcLhPfBZHAprl4EDrZRGDqRVH9VvK8oa6Nrbpf+U5eNmn8KFwO3g=="
        }
      }
    },
    "gatsby-transformer-sharp": {
      "version": "2.2.7",
      "resolved": "https://registry.npmjs.org/gatsby-transformer-sharp/-/gatsby-transformer-sharp-2.2.7.tgz",
      "integrity": "sha512-PN3DHl2qRnlrV6EjgJqDulGSYZLeXR4km7Xhi4CQjqZ5vgdGFWyYMtKnjzZknMmodMXuenQCBySAKzOEY2vsYw==",
      "dependencies": {
        "fs-extra": {
          "version": "7.0.1",
          "resolved": "https://registry.npmjs.org/fs-extra/-/fs-extra-7.0.1.tgz",
          "integrity": "sha512-YJDaCJZEnBmcbw13fvdAM9AwNOJwOzrE4pqMqBq5nFiEqXUqHwlK4B+3pUw6JNvfSPtX05xFHtYy/1ni01eGCw=="
        }
      }
    },
    "node-sass": {
      "version": "4.12.0",
      "resolved": "http://npm.ooapi.com:4873/node-sass/-/node-sass-4.12.0.tgz",
      "integrity": "sha512-A1Iv4oN+Iel6EPv77/HddXErL2a+gZ4uBeZUy+a8O35CFYTXhgA8MgLCWBtwpGZdCvTvQ9d+bQxX/QC36GDPpQ==",
      "dependencies": {
        "ansi-styles": {
          "version": "2.2.1",
          "resolved": "http://npm.ooapi.com:4873/ansi-styles/-/ansi-styles-2.2.1.tgz",
          "integrity": "sha1-tDLdM1i2NM914eRmQ2gkBTPB3b4="
        },
        "chalk": {
          "version": "1.1.3",
          "resolved": "http://npm.ooapi.com:4873/chalk/-/chalk-1.1.3.tgz",
          "integrity": "sha1-qBFcVeSnAv5NFQq9OHKCKn4J/Jg="
        },
        "cross-spawn": {
          "version": "3.0.1",
          "resolved": "http://npm.ooapi.com:4873/cross-spawn/-/cross-spawn-3.0.1.tgz",
          "integrity": "sha1-ElYDfsufDF9549bvE14wdwGEuYI="
        },
        "supports-color": {
          "version": "2.0.0",
          "resolved": "http://npm.ooapi.com:4873/supports-color/-/supports-color-2.0.0.tgz",
          "integrity": "sha1-U10EXOa2Nj+kARcIRimZXp3zJMc="
        },
        "true-case-path": {
          "version": "1.0.3",
          "resolved": "http://npm.ooapi.com:4873/true-case-path/-/true-case-path-1.0.3.tgz",
          "integrity": "sha512-m6s2OdQe5wgpFMC+pAJ+q9djG82O2jcHPOI6RNg1yy9rCYR+WD6Nbpl32fDpfC56nirdRy+opFa/Vk7HYhqaew=="
        }
      }
    },
    "prettier": {
      "version": "1.18.2",
      "resolved": "https://registry.npmjs.org/prettier/-/prettier-1.18.2.tgz",
      "integrity": "sha512-OeHeMc0JhFE9idD4ZdtNibzY0+TPHSpSSb9h8FqtP+YnoZZ1sl8Vc9b1sasjfymH3SonAF4QcA2+mzHPhMvIiw==",
      "dev": true
    },
    "prop-types": {
      "version": "15.7.2",
      "resolved": "https://registry.npmjs.org/prop-types/-/prop-types-15.7.2.tgz",
      "integrity": "sha512-8QQikdH7//R2vurIJSutZ1smHYTcLpRWEOlHnzcWHmBYrOGUysKwSsrC89BCiFj3CbrfJ/nXFdJepOVrY1GCHQ=="
    },
    "react": {
      "version": "16.9.0",
      "resolved": "https://registry.npmjs.org/react/-/react-16.9.0.tgz",
      "integrity": "sha512-+7LQnFBwkiw+BobzOF6N//BdoNw0ouwmSJTEm9cglOOmsg/TMiFHZLe2sEoN5M7LgJTj9oHH0gxklfnQe66S1w=="
    },
    "react-dom": {
      "version": "16.9.0",
      "resolved": "https://registry.npmjs.org/react-dom/-/react-dom-16.9.0.tgz",
      "integrity": "sha512-YFT2rxO9hM70ewk9jq0y6sQk8cL02xm4+IzYBz75CQGlClQQ1Bxq0nhHF6OtSbit+AIahujJgb/CPRibFkMNJQ==",
      "dependencies": {
        "scheduler": {
          "version": "0.15.0",
          "resolved": "https://registry.npmjs.org/scheduler/-/scheduler-0.15.0.tgz",
          "integrity": "sha512-xAefmSfN6jqAa7Kuq7LIJY0bwAPG3xlCj0HMEBQk1lxYiDKZscY2xJ5U/61ZTrYbmNQbXa+gc7czPkVo11tnCg=="
        }
      }
    },
    "react-helmet": {
      "version": "5.2.1",
      "resolved": "https://registry.npmjs.org/react-helmet/-/react-helmet-5.2.1.tgz",
      "integrity": "sha512-CnwD822LU8NDBnjCpZ4ySh8L6HYyngViTZLfBBb3NjtrpN8m49clH8hidHouq20I51Y6TpCTISCBbqiY5GamwA=="
    },
    "validator": {
      "version": "11.1.0",
      "resolved": "https://registry.npmjs.org/validator/-/validator-11.1.0.tgz",
      "integrity": "sha512-qiQ5ktdO7CD6C/5/mYV4jku/7qnqzjrxb3C/Q5wR3vGGinHTgJZN/TdFT3ZX4vXhX2R1PXx42fB1cn5W+uJ4lg=="
    }
  }
}
